
Microsoft Visual Studio Solution File, Format Version 12.00
# Visual Studio 2013
VisualStudioVersion = 12.0.31101.0
MinimumVisualStudioVersion = 10.0.40219.1
Project("{FAE04EC0-301F-11D3-BF4B-00C04F79EFBC}") = "ZBit.Aws.Sqs.HL", "ZBit.Aws.Sqs.HL\ZBit.Aws.Sqs.HL.csproj", "{BFD03D61-52D4-49EB-A243-72F34790A228}"
EndProject
Project("{2150E333-8FDC-42A3-9474-1A3956D46DE8}") = "SolutionFolder", "SolutionFolder", "{CEB22B79-6E49-4C30-8CC5-4C7972B46A2D}"
	ProjectSection(SolutionItems) = preProject
		ZBit.Aws.Sqs.HL\build_nuget.bat = ZBit.Aws.Sqs.HL\build_nuget.bat
		..\README.md = ..\README.md
		ZBit.Aws.Sqs.HL\ZBit.Aws.Sqs.HL.nuspec = ZBit.Aws.Sqs.HL\ZBit.Aws.Sqs.HL.nuspec
	EndProjectSection
EndProject
Project("{FAE04EC0-301F-11D3-BF4B-00C04F79EFBC}") = "ZBit.Aws.Sqs.HLTests", "ZBit.Aws.Sqs.HLTests\ZBit.Aws.Sqs.HLTests.csproj", "{A6B3457F-067C-4211-87AE-2F8F896AB05E}"
EndProject
Global
	GlobalSection(SolutionConfigurationPlatforms) = preSolution
		Debug|Any CPU = Debug|Any CPU
		Release|Any CPU = Release|Any CPU
	EndGlobalSection
	GlobalSection(ProjectConfigurationPlatforms) = postSolution
		{BFD03D61-52D4-49EB-A243-72F34790A228}.Debug|Any CPU.ActiveCfg = Debug|Any CPU
		{BFD03D61-52D4-49EB-A243-72F34790A228}.Debug|Any CPU.Build.0 = Debug|Any CPU
		{BFD03D61-52D4-49EB-A243-72F34790A228}.Release|Any CPU.ActiveCfg = Release|Any CPU
		{BFD03D61-52D4-49EB-A243-72F34790A228}.Release|Any CPU.Build.0 = Release|Any CPU
		{A6B3457F-067C-4211-87AE-2F8F896AB05E}.Debug|Any CPU.ActiveCfg = Debug|Any CPU
		{A6B3457F-067C-4211-87AE-2F8F896AB05E}.Debug|Any CPU.Build.0 = Debug|Any CPU
		{A6B3457F-067C-4211-87AE-2F8F896AB05E}.Release|Any CPU.ActiveCfg = Release|Any CPU
		{A6B3457F-067C-4211-87AE-2F8F896AB05E}.Release|Any CPU.Build.0 = Release|Any CPU
	EndGlobalSection
	GlobalSection(SolutionProperties) = preSolution
		HideSolutionNode = FALSE
	EndGlobalSection
EndGlobal
